{
  "name": "xstate-stately-machine-demo",
  "version": "1.0.0",
  "lockfileVersion": 3,
  "requires": true,
  "packages": {
    "": {
      "name": "xstate-stately-machine-demo",
      "version": "1.0.0",
      "license": "MIT",
      "dependencies": {
        "xstate": "^5.24.0"
      },
      "devDependencies": {
        "typescript": "^5.9.3"
      }
    },
    "node_modules/typescript": {
      "version": "5.9.3",
      "resolved": "https://registry.npmjs.org/typescript/-/typescript-5.9.3.tgz",
      "integrity": "sha512-jl1vZzPDinLr9eUt3J/t7V6FgNEw9QjvBPdysz9KfQDD41fQrC2Y4vKQdiaUpFT4bXlb1RHhLpp8wtm6M5TgSw==",
      "dev": true,
      "license": "Apache-2.0",
      "bin": {
        "tsc": "bin/tsc",
        "tsserver": "bin/tsserver"
      },
      "engines": {
        "node": ">=14.17"
      }
    },
    "node_modules/xstate": {
      "version": "5.31.1",
      "resolved": "https://registry.npmjs.org/xstate/-/xstate-5.31.1.tgz",
      "integrity": "sha512-3P7t7GQ61BvLu+8Cj6Zq7rcS34vecL9pvfN2ucUWmIFIUG+rAREviOs4Xy4OO3BuJHSz6RLU8eqDXxSbVotjDQ==",
      "license": "MIT",
      "funding": {
        "type": "opencollective",
        "url": "https://opencollective.com/xstate"
      }
    }
  }
}
